// !$*UTF8*$!
{
	archiveVersion = 1;
	classes = {
	};
	objectVersion = 55;
	objects = {

/* Begin PBXBuildFile section */
		BC291173280CDDEA00DA857B /* SettingView.swift in Sources */ = {isa = PBXBuildFile; fileRef = BC291172280CDDEA00DA857B /* SettingView.swift */; };
		BC291176280CDE7D00DA857B /* SDWebImageSwiftUI in Frameworks */ = {isa = PBXBuildFile; productRef = BC291175280CDE7D00DA857B /* SDWebImageSwiftUI */; };
		BC3290C52801D4300039842A /* DataBase Connection.swift in Sources */ = {isa = PBXBuildFile; fileRef = BC3290C42801D4300039842A /* DataBase Connection.swift */; };
		BC3290C82801D5EA0039842A /* SQLite in Frameworks */ = {isa = PBXBuildFile; productRef = BC3290C72801D5EA0039842A /* SQLite */; };
		BC3290CA2801D6000039842A /* AirportSearchView.swift in Sources */ = {isa = PBXBuildFile; fileRef = BC3290C92801D6000039842A /* AirportSearchView.swift */; };
		BC3290CC2801D6D00039842A /* AirportInfo.swift in Sources */ = {isa = PBXBuildFile; fileRef = BC3290CB2801D6D00039842A /* AirportInfo.swift */; };
		BC3290D32802192F0039842A /* FlightDepDesInfo.swift in Sources */ = {isa = PBXBuildFile; fileRef = BC3290D22802192F0039842A /* FlightDepDesInfo.swift */; };
		BC491D3C280D0F8100BA0090 /* FlightSearchView.swift in Sources */ = {isa = PBXBuildFile; fileRef = BC491D3B280D0F8000BA0090 /* FlightSearchView.swift */; };
		BC491D3E280D0FD600BA0090 /* HomeTabView.swift in Sources */ = {isa = PBXBuildFile; fileRef = BC491D3D280D0FD600BA0090 /* HomeTabView.swift */; };
		BC54672D281502350092FA96 /* FavoriateInfo.swift in Sources */ = {isa = PBXBuildFile; fileRef = BC54672C281502350092FA96 /* FavoriateInfo.swift */; };
		BC6E3A2427F92C7300D7FEF2 /* LoginView.swift in Sources */ = {isa = PBXBuildFile; fileRef = BC6E3A2327F92C7300D7FEF2 /* LoginView.swift */; };
		BC6E3A2627F9335C00D7FEF2 /* AdmitLoginView.swift in Sources */ = {isa = PBXBuildFile; fileRef = BC6E3A2527F9335C00D7FEF2 /* AdmitLoginView.swift */; };
		BC6E3A2827F934D800D7FEF2 /* MapView.swift in Sources */ = {isa = PBXBuildFile; fileRef = BC6E3A2727F934D800D7FEF2 /* MapView.swift */; };
		BC6E3A2A27F9357C00D7FEF2 /* Location.swift in Sources */ = {isa = PBXBuildFile; fileRef = BC6E3A2927F9357C00D7FEF2 /* Location.swift */; };
		BC6E3A2C27F9F35600D7FEF2 /* FlightInfo.swift in Sources */ = {isa = PBXBuildFile; fileRef = BC6E3A2B27F9F35600D7FEF2 /* FlightInfo.swift */; };
		BC6E3A2E27F9F3A700D7FEF2 /* FlightDetailTopView.swift in Sources */ = {isa = PBXBuildFile; fileRef = BC6E3A2D27F9F3A700D7FEF2 /* FlightDetailTopView.swift */; };
		BC6E3A3127F9F45800D7FEF2 /* RoundedCorner.swift in Sources */ = {isa = PBXBuildFile; fileRef = BC6E3A3027F9F45800D7FEF2 /* RoundedCorner.swift */; };
		BC6E3A3327F9F75700D7FEF2 /* BlockView.swift in Sources */ = {isa = PBXBuildFile; fileRef = BC6E3A3227F9F75700D7FEF2 /* BlockView.swift */; };
		BC6E3A3527F9F8A600D7FEF2 /* FlightDetailView.swift in Sources */ = {isa = PBXBuildFile; fileRef = BC6E3A3427F9F8A600D7FEF2 /* FlightDetailView.swift */; };
		BC6E3A3727F9FA0D00D7FEF2 /* LREdgeCutShapeView.swift in Sources */ = {isa = PBXBuildFile; fileRef = BC6E3A3627F9FA0C00D7FEF2 /* LREdgeCutShapeView.swift */; };
		BC6E3A3927F9FA2900D7FEF2 /* LineShape.swift in Sources */ = {isa = PBXBuildFile; fileRef = BC6E3A3827F9FA2900D7FEF2 /* LineShape.swift */; };
		BC6E3A3F27FA003800D7FEF2 /* FlightDetailInfoVIew.swift in Sources */ = {isa = PBXBuildFile; fileRef = BC6E3A3E27FA003800D7FEF2 /* FlightDetailInfoVIew.swift */; };
		BC88F9E227FA04AB0009F79F /* FlightListRowView.swift in Sources */ = {isa = PBXBuildFile; fileRef = BC88F9E127FA04AB0009F79F /* FlightListRowView.swift */; };
		BC88F9E427FA05630009F79F /* SearchResultView.swift in Sources */ = {isa = PBXBuildFile; fileRef = BC88F9E327FA05630009F79F /* SearchResultView.swift */; };
		BC8A01F82814E39B0040014B /* FlightDetailInfoAnotherView.swift in Sources */ = {isa = PBXBuildFile; fileRef = BC8A01F72814E39B0040014B /* FlightDetailInfoAnotherView.swift */; };
		BC8A01FA2814E5C50040014B /* DepartureAirportMapView.swift in Sources */ = {isa = PBXBuildFile; fileRef = BC8A01F92814E5C50040014B /* DepartureAirportMapView.swift */; };
		BC8A01FC2814E6820040014B /* ArriveAirportMapView.swift in Sources */ = {isa = PBXBuildFile; fileRef = BC8A01FB2814E6820040014B /* ArriveAirportMapView.swift */; };
		BCD8636B27F8C8060010403F /* FinalProjectSwiftUIApp.swift in Sources */ = {isa = PBXBuildFile; fileRef = BCD8636A27F8C8060010403F /* FinalProjectSwiftUIApp.swift */; };
		BCD8636D27F8C8060010403F /* ContentView.swift in Sources */ = {isa = PBXBuildFile; fileRef = BCD8636C27F8C8060010403F /* ContentView.swift */; };
		BCD8636F27F8C8080010403F /* Assets.xcassets in Resources */ = {isa = PBXBuildFile; fileRef = BCD8636E27F8C8080010403F /* Assets.xcassets */; };
		BCD8637227F8C8080010403F /* Preview Assets.xcassets in Resources */ = {isa = PBXBuildFile; fileRef = BCD8637127F8C8080010403F /* Preview Assets.xcassets */; };
		BCDA88AE280E33EE00C020B6 /* ManagementAdmitView.swift in Sources */ = {isa = PBXBuildFile; fileRef = BCDA88AD280E33EE00C020B6 /* ManagementAdmitView.swift */; };
		BCDC170B280CC3950025DD0D /* GoogleService-Info.plist in Resources */ = {isa = PBXBuildFile; fileRef = BCDC170A280CC3950025DD0D /* GoogleService-Info.plist */; };
		BCDC170E280CC3CD0025DD0D /* FirebaseManger.swift in Sources */ = {isa = PBXBuildFile; fileRef = BCDC170D280CC3CD0025DD0D /* FirebaseManger.swift */; };
		BCDC1710280CC5240025DD0D /* CurrentUserFetch.swift in Sources */ = {isa = PBXBuildFile; fileRef = BCDC170F280CC5240025DD0D /* CurrentUserFetch.swift */; };
		BCDC1712280CD1E30025DD0D /* ImagePicker.swift in Sources */ = {isa = PBXBuildFile; fileRef = BCDC1711280CD1E30025DD0D /* ImagePicker.swift */; };
		BCE19B0C280CE25900B41667 /* FirebaseAuth in Frameworks */ = {isa = PBXBuildFile; productRef = BCE19B0B280CE25900B41667 /* FirebaseAuth */; };
		BCE19B0E280CE25900B41667 /* FirebaseAuthCombine-Community in Frameworks */ = {isa = PBXBuildFile; productRef = BCE19B0D280CE25900B41667 /* FirebaseAuthCombine-Community */; };
		BCE19B10280CE25900B41667 /* FirebaseFirestore in Frameworks */ = {isa = PBXBuildFile; productRef = BCE19B0F280CE25900B41667 /* FirebaseFirestore */; };
		BCE19B12280CE25900B41667 /* FirebaseFirestoreCombine-Community in Frameworks */ = {isa = PBXBuildFile; productRef = BCE19B11280CE25900B41667 /* FirebaseFirestoreCombine-Community */; };
		BCE19B14280CE25900B41667 /* FirebaseFirestoreSwift in Frameworks */ = {isa = PBXBuildFile; productRef = BCE19B13280CE25900B41667 /* FirebaseFirestoreSwift */; };
		BCE19B16280CE25900B41667 /* FirebaseStorage in Frameworks */ = {isa = PBXBuildFile; productRef = BCE19B15280CE25900B41667 /* FirebaseStorage */; };
		BCE19B18280CE25900B41667 /* FirebaseStorageCombine-Community in Frameworks */ = {isa = PBXBuildFile; productRef = BCE19B17280CE25900B41667 /* FirebaseStorageCombine-Community */; };
		BCE19B1A280CF97400B41667 /* Permission.swift in Sources */ = {isa = PBXBuildFile; fileRef = BCE19B19280CF97400B41667 /* Permission.swift */; };
		BCE19B1C280D00F600B41667 /* PersonalFavoriteView.swift in Sources */ = {isa = PBXBuildFile; fileRef = BCE19B1B280D00F600B41667 /* PersonalFavoriteView.swift */; };
		FD18EA50280EB8F600908AA9 /* Alamofire in Frameworks */ = {isa = PBXBuildFile; productRef = FD18EA4F280EB8F600908AA9 /* Alamofire */; };
		FD35793B2815498600ECA2CF /* hisData.swift in Sources */ = {isa = PBXBuildFile; fileRef = FD35793A2815498500ECA2CF /* hisData.swift */; };
		FD3678472812582F0056D34B /* HistoricFlight.swift in Sources */ = {isa = PBXBuildFile; fileRef = FD3678462812582F0056D34B /* HistoricFlight.swift */; };
		FD5DD8A127F9E23D007A7F43 /* myButton.swift in Sources */ = {isa = PBXBuildFile; fileRef = FD5DD8A027F9E23D007A7F43 /* myButton.swift */; };
		FD5DD8A327F9E342007A7F43 /* SearchResult.swift in Sources */ = {isa = PBXBuildFile; fileRef = FD5DD8A227F9E342007A7F43 /* SearchResult.swift */; };
		FDACB57B27F8EC1F00772169 /* personalUser.swift in Sources */ = {isa = PBXBuildFile; fileRef = FDACB57A27F8EC1F00772169 /* personalUser.swift */; };
		FDDBB54A280EA05A002B766F /* FlightDownloadManager.swift in Sources */ = {isa = PBXBuildFile; fileRef = FDDBB545280EA05A002B766F /* FlightDownloadManager.swift */; };
		FDDBB54B280EA05A002B766F /* APIResponse.swift in Sources */ = {isa = PBXBuildFile; fileRef = FDDBB546280EA05A002B766F /* APIResponse.swift */; };
		FDDBB54C280EA05A002B766F /* API.swift in Sources */ = {isa = PBXBuildFile; fileRef = FDDBB547280EA05A002B766F /* API.swift */; };
		FDDBB54D280EA05A002B766F /* FlightURL.swift in Sources */ = {isa = PBXBuildFile; fileRef = FDDBB548280EA05A002B766F /* FlightURL.swift */; };
		FDDBB54E280EA05A002B766F /* RealTimeFlight.swift in Sources */ = {isa = PBXBuildFile; fileRef = FDDBB549280EA05A002B766F /* RealTimeFlight.swift */; };
		FDDBB550280EA06F002B766F /* text.swift in Sources */ = {isa = PBXBuildFile; fileRef = FDDBB54F280EA06F002B766F /* text.swift */; };
/* End PBXBuildFile section */

/* Begin PBXFileReference section */
		BC291172280CDDEA00DA857B /* SettingView.swift */ = {isa = PBXFileReference; lastKnownFileType = sourcecode.swift; path = SettingView.swift; sourceTree = "<group>"; };
		BC3290C22801D3C50039842A /* Info.plist */ = {isa = PBXFileReference; lastKnownFileType = text.plist; path = Info.plist; sourceTree = "<group>"; };
		BC3290C42801D4300039842A /* DataBase Connection.swift */ = {isa = PBXFileReference; lastKnownFileType = sourcecode.swift; path = "DataBase Connection.swift"; sourceTree = "<group>"; };
		BC3290C92801D6000039842A /* AirportSearchView.swift */ = {isa = PBXFileReference; lastKnownFileType = sourcecode.swift; path = AirportSearchView.swift; sourceTree = "<group>"; };
		BC3290CB2801D6D00039842A /* AirportInfo.swift */ = {isa = PBXFileReference; lastKnownFileType = sourcecode.swift; path = AirportInfo.swift; sourceTree = "<group>"; };
		BC3290D22802192F0039842A /* FlightDepDesInfo.swift */ = {isa = PBXFileReference; lastKnownFileType = sourcecode.swift; path = FlightDepDesInfo.swift; sourceTree = "<group>"; };
		BC491D3B280D0F8000BA0090 /* FlightSearchView.swift */ = {isa = PBXFileReference; lastKnownFileType = sourcecode.swift; path = FlightSearchView.swift; sourceTree = "<group>"; };
		BC491D3D280D0FD600BA0090 /* HomeTabView.swift */ = {isa = PBXFileReference; lastKnownFileType = sourcecode.swift; path = HomeTabView.swift; sourceTree = "<group>"; };
		BC54672C281502350092FA96 /* FavoriateInfo.swift */ = {isa = PBXFileReference; lastKnownFileType = sourcecode.swift; path = FavoriateInfo.swift; sourceTree = "<group>"; };
		BC6E3A2327F92C7300D7FEF2 /* LoginView.swift */ = {isa = PBXFileReference; lastKnownFileType = sourcecode.swift; path = LoginView.swift; sourceTree = "<group>"; };
		BC6E3A2527F9335C00D7FEF2 /* AdmitLoginView.swift */ = {isa = PBXFileReference; lastKnownFileType = sourcecode.swift; path = AdmitLoginView.swift; sourceTree = "<group>"; };
		BC6E3A2727F934D800D7FEF2 /* MapView.swift */ = {isa = PBXFileReference; lastKnownFileType = sourcecode.swift; path = MapView.swift; sourceTree = "<group>"; };
		BC6E3A2927F9357C00D7FEF2 /* Location.swift */ = {isa = PBXFileReference; lastKnownFileType = sourcecode.swift; path = Location.swift; sourceTree = "<group>"; };
		BC6E3A2B27F9F35600D7FEF2 /* FlightInfo.swift */ = {isa = PBXFileReference; lastKnownFileType = sourcecode.swift; path = FlightInfo.swift; sourceTree = "<group>"; };
		BC6E3A2D27F9F3A700D7FEF2 /* FlightDetailTopView.swift */ = {isa = PBXFileReference; lastKnownFileType = sourcecode.swift; path = FlightDetailTopView.swift; sourceTree = "<group>"; };
		BC6E3A3027F9F45800D7FEF2 /* RoundedCorner.swift */ = {isa = PBXFileReference; lastKnownFileType = sourcecode.swift; path = RoundedCorner.swift; sourceTree = "<group>"; };
		BC6E3A3227F9F75700D7FEF2 /* BlockView.swift */ = {isa = PBXFileReference; lastKnownFileType = sourcecode.swift; path = BlockView.swift; sourceTree = "<group>"; };
		BC6E3A3427F9F8A600D7FEF2 /* FlightDetailView.swift */ = {isa = PBXFileReference; lastKnownFileType = sourcecode.swift; path = FlightDetailView.swift; sourceTree = "<group>"; };
		BC6E3A3627F9FA0C00D7FEF2 /* LREdgeCutShapeView.swift */ = {isa = PBXFileReference; lastKnownFileType = sourcecode.swift; path = LREdgeCutShapeView.swift; sourceTree = "<group>"; };
		BC6E3A3827F9FA2900D7FEF2 /* LineShape.swift */ = {isa = PBXFileReference; lastKnownFileType = sourcecode.swift; path = LineShape.swift; sourceTree = "<group>"; };
		BC6E3A3E27FA003800D7FEF2 /* FlightDetailInfoVIew.swift */ = {isa = PBXFileReference; lastKnownFileType = sourcecode.swift; path = FlightDetailInfoVIew.swift; sourceTree = "<group>"; };
		BC88F9E127FA04AB0009F79F /* FlightListRowView.swift */ = {isa = PBXFileReference; lastKnownFileType = sourcecode.swift; path = FlightListRowView.swift; sourceTree = "<group>"; };
		BC88F9E327FA05630009F79F /* SearchResultView.swift */ = {isa = PBXFileReference; lastKnownFileType = sourcecode.swift; path = SearchResultView.swift; sourceTree = "<group>"; };
		BC8A01F72814E39B0040014B /* FlightDetailInfoAnotherView.swift */ = {isa = PBXFileReference; lastKnownFileType = sourcecode.swift; path = FlightDetailInfoAnotherView.swift; sourceTree = "<group>"; };
		BC8A01F92814E5C50040014B /* DepartureAirportMapView.swift */ = {isa = PBXFileReference; lastKnownFileType = sourcecode.swift; path = DepartureAirportMapView.swift; sourceTree = "<group>"; };
		BC8A01FB2814E6820040014B /* ArriveAirportMapView.swift */ = {isa = PBXFileReference; lastKnownFileType = sourcecode.swift; path = ArriveAirportMapView.swift; sourceTree = "<group>"; };
		BCD8636727F8C8060010403F /* FinalProjectSwiftUI.app */ = {isa = PBXFileReference; explicitFileType = wrapper.application; includeInIndex = 0; path = FinalProjectSwiftUI.app; sourceTree = BUILT_PRODUCTS_DIR; };
		BCD8636A27F8C8060010403F /* FinalProjectSwiftUIApp.swift */ = {isa = PBXFileReference; lastKnownFileType = sourcecode.swift; path = FinalProjectSwiftUIApp.swift; sourceTree = "<group>"; };
		BCD8636C27F8C8060010403F /* ContentView.swift */ = {isa = PBXFileReference; lastKnownFileType = sourcecode.swift; path = ContentView.swift; sourceTree = "<group>"; };
		BCD8636E27F8C8080010403F /* Assets.xcassets */ = {isa = PBXFileReference; lastKnownFileType = folder.assetcatalog; path = Assets.xcassets; sourceTree = "<group>"; };
		BCD8637127F8C8080010403F /* Preview Assets.xcassets */ = {isa = PBXFileReference; lastKnownFileType = folder.assetcatalog; path = "Preview Assets.xcassets"; sourceTree = "<group>"; };
		BCDA88AD280E33EE00C020B6 /* ManagementAdmitView.swift */ = {isa = PBXFileReference; lastKnownFileType = sourcecode.swift; path = ManagementAdmitView.swift; sourceTree = "<group>"; };
		BCDC170A280CC3950025DD0D /* GoogleService-Info.plist */ = {isa = PBXFileReference; fileEncoding = 4; lastKnownFileType = text.plist.xml; path = "GoogleService-Info.plist"; sourceTree = "<group>"; };
		BCDC170D280CC3CD0025DD0D /* FirebaseManger.swift */ = {isa = PBXFileReference; lastKnownFileType = sourcecode.swift; path = FirebaseManger.swift; sourceTree = "<group>"; };
		BCDC170F280CC5240025DD0D /* CurrentUserFetch.swift */ = {isa = PBXFileReference; lastKnownFileType = sourcecode.swift; path = CurrentUserFetch.swift; sourceTree = "<group>"; };
		BCDC1711280CD1E30025DD0D /* ImagePicker.swift */ = {isa = PBXFileReference; lastKnownFileType = sourcecode.swift; path = ImagePicker.swift; sourceTree = "<group>"; };
		BCE19B19280CF97400B41667 /* Permission.swift */ = {isa = PBXFileReference; lastKnownFileType = sourcecode.swift; path = Permission.swift; sourceTree = "<group>"; };
		BCE19B1B280D00F600B41667 /* PersonalFavoriteView.swift */ = {isa = PBXFileReference; lastKnownFileType = sourcecode.swift; path = PersonalFavoriteView.swift; sourceTree = "<group>"; };
		FD35793A2815498500ECA2CF /* hisData.swift */ = {isa = PBXFileReference; fileEncoding = 4; lastKnownFileType = sourcecode.swift; path = hisData.swift; sourceTree = "<group>"; };
		FD3678462812582F0056D34B /* HistoricFlight.swift */ = {isa = PBXFileReference; lastKnownFileType = sourcecode.swift; path = HistoricFlight.swift; sourceTree = "<group>"; };
		FD5DD8A027F9E23D007A7F43 /* myButton.swift */ = {isa = PBXFileReference; lastKnownFileType = sourcecode.swift; path = myButton.swift; sourceTree = "<group>"; };
		FD5DD8A227F9E342007A7F43 /* SearchResult.swift */ = {isa = PBXFileReference; lastKnownFileType = sourcecode.swift; path = SearchResult.swift; sourceTree = "<group>"; };
		FDACB57A27F8EC1F00772169 /* personalUser.swift */ = {isa = PBXFileReference; lastKnownFileType = sourcecode.swift; path = personalUser.swift; sourceTree = "<group>"; };
		FDDBB545280EA05A002B766F /* FlightDownloadManager.swift */ = {isa = PBXFileReference; fileEncoding = 4; lastKnownFileType = sourcecode.swift; path = FlightDownloadManager.swift; sourceTree = "<group>"; };
		FDDBB546280EA05A002B766F /* APIResponse.swift */ = {isa = PBXFileReference; fileEncoding = 4; lastKnownFileType = sourcecode.swift; path = APIResponse.swift; sourceTree = "<group>"; };
		FDDBB547280EA05A002B766F /* API.swift */ = {isa = PBXFileReference; fileEncoding = 4; lastKnownFileType = sourcecode.swift; path = API.swift; sourceTree = "<group>"; };
		FDDBB548280EA05A002B766F /* FlightURL.swift */ = {isa = PBXFileReference; fileEncoding = 4; lastKnownFileType = sourcecode.swift; path = FlightURL.swift; sourceTree = "<group>"; };
		FDDBB549280EA05A002B766F /* RealTimeFlight.swift */ = {isa = PBXFileReference; fileEncoding = 4; lastKnownFileType = sourcecode.swift; path = RealTimeFlight.swift; sourceTree = "<group>"; };
		FDDBB54F280EA06F002B766F /* text.swift */ = {isa = PBXFileReference; fileEncoding = 4; lastKnownFileType = sourcecode.swift; path = text.swift; sourceTree = "<group>"; };
/* End PBXFileReference section */

/* Begin PBXFrameworksBuildPhase section */
		BCD8636427F8C8060010403F /* Frameworks */ = {
			isa = PBXFrameworksBuildPhase;
			buildActionMask = 2147483647;
			files = (
				BC291176280CDE7D00DA857B /* SDWebImageSwiftUI in Frameworks */,
				BCE19B0C280CE25900B41667 /* FirebaseAuth in Frameworks */,
				BC3290C82801D5EA0039842A /* SQLite in Frameworks */,
				BCE19B14280CE25900B41667 /* FirebaseFirestoreSwift in Frameworks */,
				BCE19B12280CE25900B41667 /* FirebaseFirestoreCombine-Community in Frameworks */,
				FD18EA50280EB8F600908AA9 /* Alamofire in Frameworks */,
				BCE19B16280CE25900B41667 /* FirebaseStorage in Frameworks */,
				BCE19B10280CE25900B41667 /* FirebaseFirestore in Frameworks */,
				BCE19B18280CE25900B41667 /* FirebaseStorageCombine-Community in Frameworks */,
				BCE19B0E280CE25900B41667 /* FirebaseAuthCombine-Community in Frameworks */,
			);
			runOnlyForDeploymentPostprocessing = 0;
		};
/* End PBXFrameworksBuildPhase section */

/* Begin PBXGroup section */
		BC3290C32801D41F0039842A /* DataBase Connection */ = {
			isa = PBXGroup;
			children = (
				BC3290C42801D4300039842A /* DataBase Connection.swift */,
				BC3290CB2801D6D00039842A /* AirportInfo.swift */,
			);
			path = "DataBase Connection";
			sourceTree = "<group>";
		};
		BC3290CD2801FC9C0039842A /* AirportSearch */ = {
			isa = PBXGroup;
			children = (
				BC3290C92801D6000039842A /* AirportSearchView.swift */,
			);
			path = AirportSearch;
			sourceTree = "<group>";
		};
		BC491D3A280D0F6F00BA0090 /* FlightSearch */ = {
			isa = PBXGroup;
			children = (
				BC491D3B280D0F8000BA0090 /* FlightSearchView.swift */,
				BC491D3D280D0FD600BA0090 /* HomeTabView.swift */,
			);
			path = FlightSearch;
			sourceTree = "<group>";
		};
		BC6E3A2F27F9F44900D7FEF2 /* Component */ = {
			isa = PBXGroup;
			children = (
				BC6E3A3027F9F45800D7FEF2 /* RoundedCorner.swift */,
				BC6E3A3627F9FA0C00D7FEF2 /* LREdgeCutShapeView.swift */,
				BC6E3A3827F9FA2900D7FEF2 /* LineShape.swift */,
			);
			path = Component;
			sourceTree = "<group>";
		};
		BC6E3A3A27F9FA5E00D7FEF2 /* FlightDetail */ = {
			isa = PBXGroup;
			children = (
				BC6E3A3427F9F8A600D7FEF2 /* FlightDetailView.swift */,
				BC6E3A3227F9F75700D7FEF2 /* BlockView.swift */,
				BC6E3A2D27F9F3A700D7FEF2 /* FlightDetailTopView.swift */,
				BC6E3A3E27FA003800D7FEF2 /* FlightDetailInfoVIew.swift */,
				BC8A01F72814E39B0040014B /* FlightDetailInfoAnotherView.swift */,
				BC8A01F92814E5C50040014B /* DepartureAirportMapView.swift */,
				BC8A01FB2814E6820040014B /* ArriveAirportMapView.swift */,
			);
			path = FlightDetail;
			sourceTree = "<group>";
		};
		BC6E3A3B27F9FA7C00D7FEF2 /* Model */ = {
			isa = PBXGroup;
			children = (
				BC6E3A2B27F9F35600D7FEF2 /* FlightInfo.swift */,
				BC3290D22802192F0039842A /* FlightDepDesInfo.swift */,
				BCE19B19280CF97400B41667 /* Permission.swift */,
				BC54672C281502350092FA96 /* FavoriateInfo.swift */,
			);
			path = Model;
			sourceTree = "<group>";
		};
		BC6E3A3C27F9FAA700D7FEF2 /* LoginView */ = {
			isa = PBXGroup;
			children = (
				BC6E3A2327F92C7300D7FEF2 /* LoginView.swift */,
				BC6E3A2527F9335C00D7FEF2 /* AdmitLoginView.swift */,
				BC291172280CDDEA00DA857B /* SettingView.swift */,
				BCE19B1B280D00F600B41667 /* PersonalFavoriteView.swift */,
				BCDA88AD280E33EE00C020B6 /* ManagementAdmitView.swift */,
			);
			path = LoginView;
			sourceTree = "<group>";
		};
		BC6E3A3D27F9FAD200D7FEF2 /* MapView */ = {
			isa = PBXGroup;
			children = (
				BC6E3A2727F934D800D7FEF2 /* MapView.swift */,
				BC6E3A2927F9357C00D7FEF2 /* Location.swift */,
			);
			path = MapView;
			sourceTree = "<group>";
		};
		BC88F9E027FA048C0009F79F /* FilghtList */ = {
			isa = PBXGroup;
			children = (
				BC88F9E127FA04AB0009F79F /* FlightListRowView.swift */,
				BC88F9E327FA05630009F79F /* SearchResultView.swift */,
			);
			path = FilghtList;
			sourceTree = "<group>";
		};
		BCD8635E27F8C8060010403F = {
			isa = PBXGroup;
			children = (
				BCD8636927F8C8060010403F /* FinalProjectSwiftUI */,
				BCD8636827F8C8060010403F /* Products */,
			);
			sourceTree = "<group>";
		};
		BCD8636827F8C8060010403F /* Products */ = {
			isa = PBXGroup;
			children = (
				BCD8636727F8C8060010403F /* FinalProjectSwiftUI.app */,
			);
			name = Products;
			sourceTree = "<group>";
		};
		BCD8636927F8C8060010403F /* FinalProjectSwiftUI */ = {
			isa = PBXGroup;
			children = (
				FDDBB54F280EA06F002B766F /* text.swift */,
				FDDBB544280EA05A002B766F /* APIResponse */,
				BC3290C22801D3C50039842A /* Info.plist */,
				BC491D3A280D0F6F00BA0090 /* FlightSearch */,
				BCDC170C280CC3AB0025DD0D /* FirebaseManger */,
				BC3290CD2801FC9C0039842A /* AirportSearch */,
				BC3290C32801D41F0039842A /* DataBase Connection */,
				BC88F9E027FA048C0009F79F /* FilghtList */,
				BC6E3A3D27F9FAD200D7FEF2 /* MapView */,
				BC6E3A3C27F9FAA700D7FEF2 /* LoginView */,
				BC6E3A3B27F9FA7C00D7FEF2 /* Model */,
				BC6E3A3A27F9FA5E00D7FEF2 /* FlightDetail */,
				BC6E3A2F27F9F44900D7FEF2 /* Component */,
				BCD8636C27F8C8060010403F /* ContentView.swift */,
				BCD8636A27F8C8060010403F /* FinalProjectSwiftUIApp.swift */,
				FDACB57A27F8EC1F00772169 /* personalUser.swift */,
				FD5DD8A027F9E23D007A7F43 /* myButton.swift */,
				FD5DD8A227F9E342007A7F43 /* SearchResult.swift */,
				BCDC170A280CC3950025DD0D /* GoogleService-Info.plist */,
				BCD8636E27F8C8080010403F /* Assets.xcassets */,
				BCD8637027F8C8080010403F /* Preview Content */,
			);
			path = FinalProjectSwiftUI;
			sourceTree = "<group>";
		};
		BCD8637027F8C8080010403F /* Preview Content */ = {
			isa = PBXGroup;
			children = (
				BCD8637127F8C8080010403F /* Preview Assets.xcassets */,
			);
			path = "Preview Content";
			sourceTree = "<group>";
		};
		BCDC170C280CC3AB0025DD0D /* FirebaseManger */ = {
			isa = PBXGroup;
			children = (
				BCDC170D280CC3CD0025DD0D /* FirebaseManger.swift */,
				BCDC170F280CC5240025DD0D /* CurrentUserFetch.swift */,
				BCDC1711280CD1E30025DD0D /* ImagePicker.swift */,
			);
			path = FirebaseManger;
			sourceTree = "<group>";
		};
		FDDBB544280EA05A002B766F /* APIResponse */ = {
			isa = PBXGroup;
			children = (
				FDDBB545280EA05A002B766F /* FlightDownloadManager.swift */,
				FD35793A2815498500ECA2CF /* hisData.swift */,
				FDDBB546280EA05A002B766F /* APIResponse.swift */,
				FDDBB547280EA05A002B766F /* API.swift */,
				FDDBB548280EA05A002B766F /* FlightURL.swift */,
				FDDBB549280EA05A002B766F /* RealTimeFlight.swift */,
				FD3678462812582F0056D34B /* HistoricFlight.swift */,
			);
			path = APIResponse;
			sourceTree = "<group>";
		};
/* End PBXGroup section */

/* Begin PBXNativeTarget section */
		BCD8636627F8C8060010403F /* FinalProjectSwiftUI */ = {
			isa = PBXNativeTarget;
			buildConfigurationList = BCD8637527F8C8080010403F /* Build configuration list for PBXNativeTarget "FinalProjectSwiftUI" */;
			buildPhases = (
				BCD8636327F8C8060010403F /* Sources */,
				BCD8636427F8C8060010403F /* Frameworks */,
				BCD8636527F8C8060010403F /* Resources */,
			);
			buildRules = (
			);
			dependencies = (
			);
			name = FinalProjectSwiftUI;
			packageProductDependencies = (
				BC3290C72801D5EA0039842A /* SQLite */,
				BC291175280CDE7D00DA857B /* SDWebImageSwiftUI */,
				BCE19B0B280CE25900B41667 /* FirebaseAuth */,
				BCE19B0D280CE25900B41667 /* FirebaseAuthCombine-Community */,
				BCE19B0F280CE25900B41667 /* FirebaseFirestore */,
				BCE19B11280CE25900B41667 /* FirebaseFirestoreCombine-Community */,
				BCE19B13280CE25900B41667 /* FirebaseFirestoreSwift */,
				BCE19B15280CE25900B41667 /* FirebaseStorage */,
				BCE19B17280CE25900B41667 /* FirebaseStorageCombine-Community */,
				FD18EA4F280EB8F600908AA9 /* Alamofire */,
			);
			productName = FinalProjectSwiftUI;
			productReference = BCD8636727F8C8060010403F /* FinalProjectSwiftUI.app */;
			productType = "com.apple.product-type.application";
		};
/* End PBXNativeTarget section */

/* Begin PBXProject section */
		BCD8635F27F8C8060010403F /* Project object */ = {
			isa = PBXProject;
			attributes = {
				BuildIndependentTargetsInParallel = 1;
				LastSwiftUpdateCheck = 1330;
				LastUpgradeCheck = 1330;
				TargetAttributes = {
					BCD8636627F8C8060010403F = {
						CreatedOnToolsVersion = 13.3;
					};
				};
			};
			buildConfigurationList = BCD8636227F8C8060010403F /* Build configuration list for PBXProject "FinalProjectSwiftUI" */;
			compatibilityVersion = "Xcode 13.0";
			developmentRegion = en;
			hasScannedForEncodings = 0;
			knownRegions = (
				en,
				Base,
			);
			mainGroup = BCD8635E27F8C8060010403F;
			packageReferences = (
				BC3290C62801D5EA0039842A /* XCRemoteSwiftPackageReference "SQLite.swift" */,
				BC291174280CDE7D00DA857B /* XCRemoteSwiftPackageReference "SDWebImageSwiftUI" */,
				BCE19B0A280CE25900B41667 /* XCRemoteSwiftPackageReference "firebase-ios-sdk" */,
				FD18EA4E280EB8F600908AA9 /* XCRemoteSwiftPackageReference "Alamofire" */,
			);
			productRefGroup = BCD8636827F8C8060010403F /* Products */;
			projectDirPath = "";
			projectRoot = "";
			targets = (
				BCD8636627F8C8060010403F /* FinalProjectSwiftUI */,
			);
		};
/* End PBXProject section */

/* Begin PBXResourcesBuildPhase section */
		BCD8636527F8C8060010403F /* Resources */ = {
			isa = PBXResourcesBuildPhase;
			buildActionMask = 2147483647;
			files = (
				BCD8637227F8C8080010403F /* Preview Assets.xcassets in Resources */,
				BCD8636F27F8C8080010403F /* Assets.xcassets in Resources */,
				BCDC170B280CC3950025DD0D /* GoogleService-Info.plist in Resources */,
			);
			runOnlyForDeploymentPostprocessing = 0;
		};
/* End PBXResourcesBuildPhase section */

/* Begin PBXSourcesBuildPhase section */
		BCD8636327F8C8060010403F /* Sources */ = {
			isa = PBXSourcesBuildPhase;
			buildActionMask = 2147483647;
			files = (
				BC3290D32802192F0039842A /* FlightDepDesInfo.swift in Sources */,
				BC6E3A2E27F9F3A700D7FEF2 /* FlightDetailTopView.swift in Sources */,
				BC6E3A3327F9F75700D7FEF2 /* BlockView.swift in Sources */,
				BCE19B1C280D00F600B41667 /* PersonalFavoriteView.swift in Sources */,
				BC8A01FA2814E5C50040014B /* DepartureAirportMapView.swift in Sources */,
				BCDC1712280CD1E30025DD0D /* ImagePicker.swift in Sources */,
				FDDBB54B280EA05A002B766F /* APIResponse.swift in Sources */,
				BCDC1710280CC5240025DD0D /* CurrentUserFetch.swift in Sources */,
				BC6E3A2627F9335C00D7FEF2 /* AdmitLoginView.swift in Sources */,
				BCDC170E280CC3CD0025DD0D /* FirebaseManger.swift in Sources */,
				BC54672D281502350092FA96 /* FavoriateInfo.swift in Sources */,
				FD5DD8A327F9E342007A7F43 /* SearchResult.swift in Sources */,
				BC491D3C280D0F8100BA0090 /* FlightSearchView.swift in Sources */,
				BC6E3A2827F934D800D7FEF2 /* MapView.swift in Sources */,
				BC6E3A3727F9FA0D00D7FEF2 /* LREdgeCutShapeView.swift in Sources */,
				BC3290CA2801D6000039842A /* AirportSearchView.swift in Sources */,
				BCD8636D27F8C8060010403F /* ContentView.swift in Sources */,
				BC6E3A3127F9F45800D7FEF2 /* RoundedCorner.swift in Sources */,
				BC88F9E427FA05630009F79F /* SearchResultView.swift in Sources */,
				FD5DD8A127F9E23D007A7F43 /* myButton.swift in Sources */,
				FD3678472812582F0056D34B /* HistoricFlight.swift in Sources */,
				BCE19B1A280CF97400B41667 /* Permission.swift in Sources */,
				FDACB57B27F8EC1F00772169 /* personalUser.swift in Sources */,
				BC491D3E280D0FD600BA0090 /* HomeTabView.swift in Sources */,
				BC291173280CDDEA00DA857B /* SettingView.swift in Sources */,
				BC6E3A2427F92C7300D7FEF2 /* LoginView.swift in Sources */,
				BC3290C52801D4300039842A /* DataBase Connection.swift in Sources */,
				BC88F9E227FA04AB0009F79F /* FlightListRowView.swift in Sources */,
				BC6E3A3927F9FA2900D7FEF2 /* LineShape.swift in Sources */,
				FDDBB550280EA06F002B766F /* text.swift in Sources */,
				FD35793B2815498600ECA2CF /* hisData.swift in Sources */,
				BC6E3A3F27FA003800D7FEF2 /* FlightDetailInfoVIew.swift in Sources */,
				BC8A01F82814E39B0040014B /* FlightDetailInfoAnotherView.swift in Sources */,
				BCD8636B27F8C8060010403F /* FinalProjectSwiftUIApp.swift in Sources */,
				BCDA88AE280E33EE00C020B6 /* ManagementAdmitView.swift in Sources */,
				BC8A01FC2814E6820040014B /* ArriveAirportMapView.swift in Sources */,
				BC6E3A3527F9F8A600D7FEF2 /* FlightDetailView.swift in Sources */,
				FDDBB54E280EA05A002B766F /* RealTimeFlight.swift in Sources */,
				BC6E3A2A27F9357C00D7FEF2 /* Location.swift in Sources */,
				BC3290CC2801D6D00039842A /* AirportInfo.swift in Sources */,
				BC6E3A2C27F9F35600D7FEF2 /* FlightInfo.swift in Sources */,
				FDDBB54A280EA05A002B766F /* FlightDownloadManager.swift in Sources */,
				FDDBB54C280EA05A002B766F /* API.swift in Sources */,
				FDDBB54D280EA05A002B766F /* FlightURL.swift in Sources */,
			);
			runOnlyForDeploymentPostprocessing = 0;
		};
/* End PBXSourcesBuildPhase section */

/* Begin XCBuildConfiguration section */
		BCD8637327F8C8080010403F /* Debug */ = {
			isa = XCBuildConfiguration;
			buildSettings = {
				ALWAYS_SEARCH_USER_PATHS = NO;
				CLANG_ANALYZER_NONNULL = YES;
				CLANG_ANALYZER_NUMBER_OBJECT_CONVERSION = YES_AGGRESSIVE;
				CLANG_CXX_LANGUAGE_STANDARD = "gnu++17";
				CLANG_ENABLE_MODULES = YES;
				CLANG_ENABLE_OBJC_ARC = YES;
				CLANG_ENABLE_OBJC_WEAK = YES;
				CLANG_WARN_BLOCK_CAPTURE_AUTORELEASING = YES;
				CLANG_WARN_BOOL_CONVERSION = YES;
				CLANG_WARN_COMMA = YES;
				CLANG_WARN_CONSTANT_CONVERSION = YES;
				CLANG_WARN_DEPRECATED_OBJC_IMPLEMENTATIONS = YES;
				CLANG_WARN_DIRECT_OBJC_ISA_USAGE = YES_ERROR;
				CLANG_WARN_DOCUMENTATION_COMMENTS = YES;
				CLANG_WARN_EMPTY_BODY = YES;
				CLANG_WARN_ENUM_CONVERSION = YES;
				CLANG_WARN_INFINITE_RECURSION = YES;
				CLANG_WARN_INT_CONVERSION = YES;
				CLANG_WARN_NON_LITERAL_NULL_CONVERSION = YES;
				CLANG_WARN_OBJC_IMPLICIT_RETAIN_SELF = YES;
				CLANG_WARN_OBJC_LITERAL_CONVERSION = YES;
				CLANG_WARN_OBJC_ROOT_CLASS = YES_ERROR;
				CLANG_WARN_QUOTED_INCLUDE_IN_FRAMEWORK_HEADER = YES;
				CLANG_WARN_RANGE_LOOP_ANALYSIS = YES;
				CLANG_WARN_STRICT_PROTOTYPES = YES;
				CLANG_WARN_SUSPICIOUS_MOVE = YES;
				CLANG_WARN_UNGUARDED_AVAILABILITY = YES_AGGRESSIVE;
				CLANG_WARN_UNREACHABLE_CODE = YES;
				CLANG_WARN__DUPLICATE_METHOD_MATCH = YES;
				COPY_PHASE_STRIP = NO;
				DEBUG_INFORMATION_FORMAT = dwarf;
				ENABLE_STRICT_OBJC_MSGSEND = YES;
				ENABLE_TESTABILITY = YES;
				GCC_C_LANGUAGE_STANDARD = gnu11;
				GCC_DYNAMIC_NO_PIC = NO;
				GCC_NO_COMMON_BLOCKS = YES;
				GCC_OPTIMIZATION_LEVEL = 0;
				GCC_PREPROCESSOR_DEFINITIONS = (
					"DEBUG=1",
					"$(inherited)",
				);
				GCC_WARN_64_TO_32_BIT_CONVERSION = YES;
				GCC_WARN_ABOUT_RETURN_TYPE = YES_ERROR;
				GCC_WARN_UNDECLARED_SELECTOR = YES;
				GCC_WARN_UNINITIALIZED_AUTOS = YES_AGGRESSIVE;
				GCC_WARN_UNUSED_FUNCTION = YES;
				GCC_WARN_UNUSED_VARIABLE = YES;
				IPHONEOS_DEPLOYMENT_TARGET = 15.4;
				MTL_ENABLE_DEBUG_INFO = INCLUDE_SOURCE;
				MTL_FAST_MATH = YES;
				ONLY_ACTIVE_ARCH = YES;
				SDKROOT = iphoneos;
				SWIFT_ACTIVE_COMPILATION_CONDITIONS = DEBUG;
				SWIFT_OPTIMIZATION_LEVEL = "-Onone";
			};
			name = Debug;
		};
		BCD8637427F8C8080010403F /* Release */ = {
			isa = XCBuildConfiguration;
			buildSettings = {
				ALWAYS_SEARCH_USER_PATHS = NO;
				CLANG_ANALYZER_NONNULL = YES;
				CLANG_ANALYZER_NUMBER_OBJECT_CONVERSION = YES_AGGRESSIVE;
				CLANG_CXX_LANGUAGE_STANDARD = "gnu++17";
				CLANG_ENABLE_MODULES = YES;
				CLANG_ENABLE_OBJC_ARC = YES;
				CLANG_ENABLE_OBJC_WEAK = YES;
				CLANG_WARN_BLOCK_CAPTURE_AUTORELEASING = YES;
				CLANG_WARN_BOOL_CONVERSION = YES;
				CLANG_WARN_COMMA = YES;
				CLANG_WARN_CONSTANT_CONVERSION = YES;
				CLANG_WARN_DEPRECATED_OBJC_IMPLEMENTATIONS = YES;
				CLANG_WARN_DIRECT_OBJC_ISA_USAGE = YES_ERROR;
				CLANG_WARN_DOCUMENTATION_COMMENTS = YES;
				CLANG_WARN_EMPTY_BODY = YES;
				CLANG_WARN_ENUM_CONVERSION = YES;
				CLANG_WARN_INFINITE_RECURSION = YES;
				CLANG_WARN_INT_CONVERSION = YES;
				CLANG_WARN_NON_LITERAL_NULL_CONVERSION = YES;
				CLANG_WARN_OBJC_IMPLICIT_RETAIN_SELF = YES;
				CLANG_WARN_OBJC_LITERAL_CONVERSION = YES;
				CLANG_WARN_OBJC_ROOT_CLASS = YES_ERROR;
				CLANG_WARN_QUOTED_INCLUDE_IN_FRAMEWORK_HEADER = YES;
				CLANG_WARN_RANGE_LOOP_ANALYSIS = YES;
				CLANG_WARN_STRICT_PROTOTYPES = YES;
				CLANG_WARN_SUSPICIOUS_MOVE = YES;
				CLANG_WARN_UNGUARDED_AVAILABILITY = YES_AGGRESSIVE;
				CLANG_WARN_UNREACHABLE_CODE = YES;
				CLANG_WARN__DUPLICATE_METHOD_MATCH = YES;
				COPY_PHASE_STRIP = NO;
				DEBUG_INFORMATION_FORMAT = "dwarf-with-dsym";
				ENABLE_NS_ASSERTIONS = NO;
				ENABLE_STRICT_OBJC_MSGSEND = YES;
				GCC_C_LANGUAGE_STANDARD = gnu11;
				GCC_NO_COMMON_BLOCKS = YES;
				GCC_WARN_64_TO_32_BIT_CONVERSION = YES;
				GCC_WARN_ABOUT_RETURN_TYPE = YES_ERROR;
				GCC_WARN_UNDECLARED_SELECTOR = YES;
				GCC_WARN_UNINITIALIZED_AUTOS = YES_AGGRESSIVE;
				GCC_WARN_UNUSED_FUNCTION = YES;
				GCC_WARN_UNUSED_VARIABLE = YES;
				IPHONEOS_DEPLOYMENT_TARGET = 15.4;
				MTL_ENABLE_DEBUG_INFO = NO;
				MTL_FAST_MATH = YES;
				SDKROOT = iphoneos;
				SWIFT_COMPILATION_MODE = wholemodule;
				SWIFT_OPTIMIZATION_LEVEL = "-O";
				VALIDATE_PRODUCT = YES;
			};
			name = Release;
		};
		BCD8637627F8C8080010403F /* Debug */ = {
			isa = XCBuildConfiguration;
			buildSettings = {
				ASSETCATALOG_COMPILER_APPICON_NAME = AppIcon;
				ASSETCATALOG_COMPILER_GLOBAL_ACCENT_COLOR_NAME = AccentColor;
				CODE_SIGN_STYLE = Automatic;
				CURRENT_PROJECT_VERSION = 1;
				DEVELOPMENT_ASSET_PATHS = "\"FinalProjectSwiftUI/Preview Content\"";
				DEVELOPMENT_TEAM = 8524RW3L94;
				ENABLE_PREVIEWS = YES;
				GENERATE_INFOPLIST_FILE = YES;
				INFOPLIST_FILE = FinalProjectSwiftUI/Info.plist;
				INFOPLIST_KEY_UIApplicationSceneManifest_Generation = YES;
				INFOPLIST_KEY_UIApplicationSupportsIndirectInputEvents = YES;
				INFOPLIST_KEY_UILaunchScreen_Generation = YES;
				INFOPLIST_KEY_UISupportedInterfaceOrientations_iPad = "UIInterfaceOrientationPortrait UIInterfaceOrientationPortraitUpsideDown UIInterfaceOrientationLandscapeLeft UIInterfaceOrientationLandscapeRight";
				INFOPLIST_KEY_UISupportedInterfaceOrientations_iPhone = "UIInterfaceOrientationPortrait UIInterfaceOrientationLandscapeLeft UIInterfaceOrientationLandscapeRight";
				IPHONEOS_DEPLOYMENT_TARGET = 15.2;
				LD_RUNPATH_SEARCH_PATHS = (
					"$(inherited)",
					"@executable_path/Frameworks",
				);
				MARKETING_VERSION = 1.0;
				PRODUCT_BUNDLE_IDENTIFIER = wst.FinalProjectSwiftUI;
				PRODUCT_NAME = "$(TARGET_NAME)";
				SWIFT_EMIT_LOC_STRINGS = YES;
				SWIFT_VERSION = 5.0;
				TARGETED_DEVICE_FAMILY = "1,2";
			};
			name = Debug;
		};
		BCD8637727F8C8080010403F /* Release */ = {
			isa = XCBuildConfiguration;
			buildSettings = {
				ASSETCATALOG_COMPILER_APPICON_NAME = AppIcon;
				ASSETCATALOG_COMPILER_GLOBAL_ACCENT_COLOR_NAME = AccentColor;
				CODE_SIGN_STYLE = Automatic;
				CURRENT_PROJECT_VERSION = 1;
				DEVELOPMENT_ASSET_PATHS = "\"FinalProjectSwiftUI/Preview Content\"";
				DEVELOPMENT_TEAM = 8524RW3L94;
				ENABLE_PREVIEWS = YES;
				GENERATE_INFOPLIST_FILE = YES;
				INFOPLIST_FILE = FinalProjectSwiftUI/Info.plist;
				INFOPLIST_KEY_UIApplicationSceneManifest_Generation = YES;
				INFOPLIST_KEY_UIApplicationSupportsIndirectInputEvents = YES;
				INFOPLIST_KEY_UILaunchScreen_Generation = YES;
				INFOPLIST_KEY_UISupportedInterfaceOrientations_iPad = "UIInterfaceOrientationPortrait UIInterfaceOrientationPortraitUpsideDown UIInterfaceOrientationLandscapeLeft UIInterfaceOrientationLandscapeRight";
				INFOPLIST_KEY_UISupportedInterfaceOrientations_iPhone = "UIInterfaceOrientationPortrait UIInterfaceOrientationLandscapeLeft UIInterfaceOrientationLandscapeRight";
				IPHONEOS_DEPLOYMENT_TARGET = 15.2;
				LD_RUNPATH_SEARCH_PATHS = (
					"$(inherited)",
					"@executable_path/Frameworks",
				);
				MARKETING_VERSION = 1.0;
				PRODUCT_BUNDLE_IDENTIFIER = wst.FinalProjectSwiftUI;
				PRODUCT_NAME = "$(TARGET_NAME)";
				SWIFT_EMIT_LOC_STRINGS = YES;
				SWIFT_VERSION = 5.0;
				TARGETED_DEVICE_FAMILY = "1,2";
			};
			name = Release;
		};
/* End XCBuildConfiguration section */

/* Begin XCConfigurationList section */
		BCD8636227F8C8060010403F /* Build configuration list for PBXProject "FinalProjectSwiftUI" */ = {
			isa = XCConfigurationList;
			buildConfigurations = (
				BCD8637327F8C8080010403F /* Debug */,
				BCD8637427F8C8080010403F /* Release */,
			);
			defaultConfigurationIsVisible = 0;
			defaultConfigurationName = Release;
		};
		BCD8637527F8C8080010403F /* Build configuration list for PBXNativeTarget "FinalProjectSwiftUI" */ = {
			isa = XCConfigurationList;
			buildConfigurations = (
				BCD8637627F8C8080010403F /* Debug */,
				BCD8637727F8C8080010403F /* Release */,
			);
			defaultConfigurationIsVisible = 0;
			defaultConfigurationName = Release;
		};
/* End XCConfigurationList section */

/* Begin XCRemoteSwiftPackageReference section */
		BC291174280CDE7D00DA857B /* XCRemoteSwiftPackageReference "SDWebImageSwiftUI" */ = {
			isa = XCRemoteSwiftPackageReference;
			repositoryURL = "https://github.com/SDWebImage/SDWebImageSwiftUI.git";
			requirement = {
				branch = master;
				kind = branch;
			};
		};
		BC3290C62801D5EA0039842A /* XCRemoteSwiftPackageReference "SQLite.swift" */ = {
			isa = XCRemoteSwiftPackageReference;
			repositoryURL = "https://github.com/stephencelis/SQLite.swift.git";
			requirement = {
				kind = upToNextMajorVersion;
				minimumVersion = 0.9.2;
			};
		};
		BCE19B0A280CE25900B41667 /* XCRemoteSwiftPackageReference "firebase-ios-sdk" */ = {
			isa = XCRemoteSwiftPackageReference;
			repositoryURL = "https://github.com/firebase/firebase-ios-sdk";
			requirement = {
				branch = master;
				kind = branch;
			};
		};
		FD18EA4E280EB8F600908AA9 /* XCRemoteSwiftPackageReference "Alamofire" */ = {
			isa = XCRemoteSwiftPackageReference;
			repositoryURL = "https://github.com/Alamofire/Alamofire.git";
			requirement = {
				kind = upToNextMajorVersion;
				minimumVersion = 5.0.0;
			};
		};
/* End XCRemoteSwiftPackageReference section */

/* Begin XCSwiftPackageProductDependency section */
		BC291175280CDE7D00DA857B /* SDWebImageSwiftUI */ = {
			isa = XCSwiftPackageProductDependency;
			package = BC291174280CDE7D00DA857B /* XCRemoteSwiftPackageReference "SDWebImageSwiftUI" */;
			productName = SDWebImageSwiftUI;
		};
		BC3290C72801D5EA0039842A /* SQLite */ = {
			isa = XCSwiftPackageProductDependency;
			package = BC3290C62801D5EA0039842A /* XCRemoteSwiftPackageReference "SQLite.swift" */;
			productName = SQLite;
		};
		BCE19B0B280CE25900B41667 /* FirebaseAuth */ = {
			isa = XCSwiftPackageProductDependency;
			package = BCE19B0A280CE25900B41667 /* XCRemoteSwiftPackageReference "firebase-ios-sdk" */;
			productName = FirebaseAuth;
		};
		BCE19B0D280CE25900B41667 /* FirebaseAuthCombine-Community */ = {
			isa = XCSwiftPackageProductDependency;
			package = BCE19B0A280CE25900B41667 /* XCRemoteSwiftPackageReference "firebase-ios-sdk" */;
			productName = "FirebaseAuthCombine-Community";
		};
		BCE19B0F280CE25900B41667 /* FirebaseFirestore */ = {
			isa = XCSwiftPackageProductDependency;
			package = BCE19B0A280CE25900B41667 /* XCRemoteSwiftPackageReference "firebase-ios-sdk" */;
			productName = FirebaseFirestore;
		};
		BCE19B11280CE25900B41667 /* FirebaseFirestoreCombine-Community */ = {
			isa = XCSwiftPackageProductDependency;
			package = BCE19B0A280CE25900B41667 /* XCRemoteSwiftPackageReference "firebase-ios-sdk" */;
			productName = "FirebaseFirestoreCombine-Community";
		};
		BCE19B13280CE25900B41667 /* FirebaseFirestoreSwift */ = {
			isa = XCSwiftPackageProductDependency;
			package = BCE19B0A280CE25900B41667 /* XCRemoteSwiftPackageReference "firebase-ios-sdk" */;
			productName = FirebaseFirestoreSwift;
		};
		BCE19B15280CE25900B41667 /* FirebaseStorage */ = {
			isa = XCSwiftPackageProductDependency;
			package = BCE19B0A280CE25900B41667 /* XCRemoteSwiftPackageReference "firebase-ios-sdk" */;
			productName = FirebaseStorage;
		};
		BCE19B17280CE25900B41667 /* FirebaseStorageCombine-Community */ = {
			isa = XCSwiftPackageProductDependency;
			package = BCE19B0A280CE25900B41667 /* XCRemoteSwiftPackageReference "firebase-ios-sdk" */;
			productName = "FirebaseStorageCombine-Community";
		};
		FD18EA4F280EB8F600908AA9 /* Alamofire */ = {
			isa = XCSwiftPackageProductDependency;
			package = FD18EA4E280EB8F600908AA9 /* XCRemoteSwiftPackageReference "Alamofire" */;
			productName = Alamofire;
		};
/* End XCSwiftPackageProductDependency section */
	};
	rootObject = BCD8635F27F8C8060010403F /* Project object */;
}
